
Microsoft Visual Studio Solution File, Format Version 12.00
# Visual Studio Version 16
VisualStudioVersion = 16.0.29009.5
MinimumVisualStudioVersion = 10.0.40219.1
Project("{9A19103F-16F7-4668-BE54-9A1E7A4F7556}") = "BitShift.Plugin.Payments.FirstData", "Plugin\BitShift.Plugin.Payments.FirstData.csproj", "{EE0CD0D4-124D-43C5-8C06-FDB43F1666E7}"
EndProject
Global
	GlobalSection(SolutionConfigurationPlatforms) = preSolution
		Debug|Any CPU = Debug|Any CPU
		Release|Any CPU = Release|Any CPU
	EndGlobalSection
	GlobalSection(ProjectConfigurationPlatforms) = postSolution
		{EE0CD0D4-124D-43C5-8C06-FDB43F1666E7}.Debug|Any CPU.ActiveCfg = Debug|Any CPU
		{EE0CD0D4-124D-43C5-8C06-FDB43F1666E7}.Debug|Any CPU.Build.0 = Debug|Any CPU
		{EE0CD0D4-124D-43C5-8C06-FDB43F1666E7}.Release|Any CPU.ActiveCfg = Release|Any CPU
		{EE0CD0D4-124D-43C5-8C06-FDB43F1666E7}.Release|Any CPU.Build.0 = Release|Any CPU
	EndGlobalSection
	GlobalSection(SolutionProperties) = preSolution
		HideSolutionNode = FALSE
	EndGlobalSection
	GlobalSection(ExtensibilityGlobals) = postSolution
		SolutionGuid = {933D4937-18DC-4CA0-9599-00FD7622CFB9}
	EndGlobalSection
EndGlobal
